%{"eleveldb": {:hex, :eleveldb, "2.2.20", "1fff63a5055bbf4bf821f797ef76065882b193f5e8095f95fcd9287187773b58", [:rebar3], []},
  "exleveldb": {:hex, :exleveldb, "0.10.0", "ad41145b9e55e1a1bcf4c18faa0df9377deb5b4f57a791f9a76a6dff30a9a1c7", [:mix], [{:eleveldb, "~> 2.2.19", [hex: :eleveldb, optional: false]}]}}
